
Microsoft Visual Studio Solution File, Format Version 12.00
# Visual Studio Version 16
VisualStudioVersion = 16.0.29123.88
MinimumVisualStudioVersion = 10.0.40219.1
Project("{E24C65DC-7377-472B-9ABA-BC803B73C61A}") = "peru4me", "peru4me\", "{CB66C766-78C9-4EF0-B93E-C228E6B9C332}"
	ProjectSection(WebsiteProperties) = preProject
		TargetFrameworkMoniker = ".NETFramework,Version%3Dv3.5"
		Debug.AspNetCompiler.VirtualPath = "/localhost_58648"
		Debug.AspNetCompiler.PhysicalPath = "peru4me\"
		Debug.AspNetCompiler.TargetPath = "PrecompiledWeb\localhost_58648\"
		Debug.AspNetCompiler.Updateable = "true"
		Debug.AspNetCompiler.ForceOverwrite = "true"
		Debug.AspNetCompiler.FixedNames = "false"
		Debug.AspNetCompiler.Debug = "True"
		Release.AspNetCompiler.VirtualPath = "/localhost_58648"
		Release.AspNetCompiler.PhysicalPath = "peru4me\"
		Release.AspNetCompiler.TargetPath = "PrecompiledWeb\localhost_58648\"
		Release.AspNetCompiler.Updateable = "true"
		Release.AspNetCompiler.ForceOverwrite = "true"
		Release.AspNetCompiler.FixedNames = "false"
		Release.AspNetCompiler.Debug = "False"
		VWDPort = "58648"
		SlnRelativePath = "peru4me\"
	EndProjectSection
EndProject
Global
	GlobalSection(SolutionConfigurationPlatforms) = preSolution
		Debug|Any CPU = Debug|Any CPU
	EndGlobalSection
	GlobalSection(ProjectConfigurationPlatforms) = postSolution
		{CB66C766-78C9-4EF0-B93E-C228E6B9C332}.Debug|Any CPU.ActiveCfg = Debug|Any CPU
		{CB66C766-78C9-4EF0-B93E-C228E6B9C332}.Debug|Any CPU.Build.0 = Debug|Any CPU
	EndGlobalSection
	GlobalSection(SolutionProperties) = preSolution
		HideSolutionNode = FALSE
	EndGlobalSection
	GlobalSection(ExtensibilityGlobals) = postSolution
		SolutionGuid = {287EB69C-C898-4727-9E28-BCCF5A4BC356}
	EndGlobalSection
EndGlobal
