
Microsoft Visual Studio Solution File, Format Version 10.00
# Visual Studio 2008
Project("{E24C65DC-7377-472B-9ABA-BC803B73C61A}") = "peru4me", "..\..\..\..\..\..\DESA\peru4me\", "{1B894F63-F7C1-47AA-849B-FC90B4F0C094}"
	ProjectSection(WebsiteProperties) = preProject
		TargetFramework = "3.5"
		Debug.AspNetCompiler.VirtualPath = "/peru4me"
		Debug.AspNetCompiler.PhysicalPath = "..\..\..\..\..\..\DESA\peru4me\"
		Debug.AspNetCompiler.TargetPath = "PrecompiledWeb\peru4me\"
		Debug.AspNetCompiler.Updateable = "true"
		Debug.AspNetCompiler.ForceOverwrite = "true"
		Debug.AspNetCompiler.FixedNames = "false"
		Debug.AspNetCompiler.Debug = "True"
		Release.AspNetCompiler.VirtualPath = "/peru4me"
		Release.AspNetCompiler.PhysicalPath = "..\..\..\..\..\..\DESA\peru4me\"
		Release.AspNetCompiler.TargetPath = "PrecompiledWeb\peru4me\"
		Release.AspNetCompiler.Updateable = "true"
		Release.AspNetCompiler.ForceOverwrite = "true"
		Release.AspNetCompiler.FixedNames = "false"
		Release.AspNetCompiler.Debug = "False"
		VWDPort = "50366"
		DefaultWebSiteLanguage = "Visual Basic"
	EndProjectSection
EndProject
Global
	GlobalSection(SolutionConfigurationPlatforms) = preSolution
		Debug|Any CPU = Debug|Any CPU
	EndGlobalSection
	GlobalSection(ProjectConfigurationPlatforms) = postSolution
		{1B894F63-F7C1-47AA-849B-FC90B4F0C094}.Debug|Any CPU.ActiveCfg = Debug|Any CPU
		{1B894F63-F7C1-47AA-849B-FC90B4F0C094}.Debug|Any CPU.Build.0 = Debug|Any CPU
	EndGlobalSection
	GlobalSection(SolutionProperties) = preSolution
		HideSolutionNode = FALSE
	EndGlobalSection
EndGlobal
